
Microsoft Visual Studio Solution File, Format Version 12.00
# Visual Studio Version 17
VisualStudioVersion = 17.3.32929.385
MinimumVisualStudioVersion = 10.0.40219.1
Project("{FAE04EC0-301F-11D3-BF4B-00C04F79EFBC}") = "EmployeeWage", "EmployeeWage\EmployeeWage.csproj", "{0F41DD16-562F-48CC-AA0F-D1406A892CD7}"
EndProject
Global
	GlobalSection(SolutionConfigurationPlatforms) = preSolution
		Debug|Any CPU = Debug|Any CPU
		Release|Any CPU = Release|Any CPU
	EndGlobalSection
	GlobalSection(ProjectConfigurationPlatforms) = postSolution
		{0F41DD16-562F-48CC-AA0F-D1406A892CD7}.Debug|Any CPU.ActiveCfg = Debug|Any CPU
		{0F41DD16-562F-48CC-AA0F-D1406A892CD7}.Debug|Any CPU.Build.0 = Debug|Any CPU
		{0F41DD16-562F-48CC-AA0F-D1406A892CD7}.Release|Any CPU.ActiveCfg = Release|Any CPU
		{0F41DD16-562F-48CC-AA0F-D1406A892CD7}.Release|Any CPU.Build.0 = Release|Any CPU
	EndGlobalSection
	GlobalSection(SolutionProperties) = preSolution
		HideSolutionNode = FALSE
	EndGlobalSection
	GlobalSection(ExtensibilityGlobals) = postSolution
		SolutionGuid = {806FD64D-417C-4CAD-B8DB-693ED4C4B25E}
	EndGlobalSection
EndGlobal
